
Microsoft Visual Studio Solution File, Format Version 12.00
# Visual Studio 2015
Project("{FAE04EC0-301F-11D3-BF4B-00C04F79EFBC}") = "Mappity.CSharp", "Mappity.CSharp.csproj", "{84795DBB-935A-D6F9-2894-0B1E0F06C9CA}"
EndProject
Global
	GlobalSection(SolutionConfigurationPlatforms) = preSolution
		Debug|Any CPU = Debug|Any CPU
		Release|Any CPU = Release|Any CPU
	EndGlobalSection
	GlobalSection(ProjectConfigurationPlatforms) = postSolution
		{84795DBB-935A-D6F9-2894-0B1E0F06C9CA}.Debug|Any CPU.ActiveCfg = Debug|Any CPU
		{84795DBB-935A-D6F9-2894-0B1E0F06C9CA}.Debug|Any CPU.Build.0 = Debug|Any CPU
		{84795DBB-935A-D6F9-2894-0B1E0F06C9CA}.Release|Any CPU.ActiveCfg = Release|Any CPU
		{84795DBB-935A-D6F9-2894-0B1E0F06C9CA}.Release|Any CPU.Build.0 = Release|Any CPU
	EndGlobalSection
	GlobalSection(SolutionProperties) = preSolution
		HideSolutionNode = FALSE
	EndGlobalSection
EndGlobal
